// !$*UTF8*$!
{
	archiveVersion = 1;
	classes = {
	};
	objectVersion = 52;
	objects = {

/* Begin PBXBuildFile section */
		F4643D272727A2B600BDFBC7 /* AppDelegate.swift in Sources */ = {isa = PBXBuildFile; fileRef = F4643D262727A2B600BDFBC7 /* AppDelegate.swift */; };
		F4643D292727A2B600BDFBC7 /* SceneDelegate.swift in Sources */ = {isa = PBXBuildFile; fileRef = F4643D282727A2B600BDFBC7 /* SceneDelegate.swift */; };
		F4643D2B2727A2B600BDFBC7 /* ViewController.swift in Sources */ = {isa = PBXBuildFile; fileRef = F4643D2A2727A2B600BDFBC7 /* ViewController.swift */; };
		F4643D2E2727A2B600BDFBC7 /* Main.storyboard in Resources */ = {isa = PBXBuildFile; fileRef = F4643D2C2727A2B600BDFBC7 /* Main.storyboard */; };
		F4643D302727A2D200BDFBC7 /* Assets.xcassets in Resources */ = {isa = PBXBuildFile; fileRef = F4643D2F2727A2D200BDFBC7 /* Assets.xcassets */; };
		F4643D332727A2D300BDFBC7 /* LaunchScreen.storyboard in Resources */ = {isa = PBXBuildFile; fileRef = F4643D312727A2D300BDFBC7 /* LaunchScreen.storyboard */; };
		F4643D3D2727A33E00BDFBC7 /* ApolloSQLite in Frameworks */ = {isa = PBXBuildFile; productRef = F4643D3C2727A33E00BDFBC7 /* ApolloSQLite */; };
		F4643D3F2727A33E00BDFBC7 /* ApolloUtils in Frameworks */ = {isa = PBXBuildFile; productRef = F4643D3E2727A33E00BDFBC7 /* ApolloUtils */; };
		F4643D412727A33E00BDFBC7 /* Apollo-Dynamic in Frameworks */ = {isa = PBXBuildFile; productRef = F4643D402727A33E00BDFBC7 /* Apollo-Dynamic */; };
		F4643D422727A33E00BDFBC7 /* Apollo-Dynamic in Embed Frameworks */ = {isa = PBXBuildFile; productRef = F4643D402727A33E00BDFBC7 /* Apollo-Dynamic */; settings = {ATTRIBUTES = (CodeSignOnCopy, ); }; };
		F4643D442727A33E00BDFBC7 /* ApolloCodegenLib in Frameworks */ = {isa = PBXBuildFile; productRef = F4643D432727A33E00BDFBC7 /* ApolloCodegenLib */; };
		F4643D462727A33E00BDFBC7 /* ApolloWebSocket in Frameworks */ = {isa = PBXBuildFile; productRef = F4643D452727A33E00BDFBC7 /* ApolloWebSocket */; };
		F4643D482727A33E00BDFBC7 /* ApolloAPI in Frameworks */ = {isa = PBXBuildFile; productRef = F4643D472727A33E00BDFBC7 /* ApolloAPI */; };
		F4643D4A2727A33E00BDFBC7 /* Apollo in Frameworks */ = {isa = PBXBuildFile; productRef = F4643D492727A33E00BDFBC7 /* Apollo */; };
		F4643D512727A81A00BDFBC7 /* Queries.graphql in Resources */ = {isa = PBXBuildFile; fileRef = F4643D502727A81A00BDFBC7 /* Queries.graphql */; };
		F4643D582727AD9400BDFBC7 /* schema.json in Resources */ = {isa = PBXBuildFile; fileRef = F4643D572727AD9400BDFBC7 /* schema.json */; };
/* End PBXBuildFile section */

/* Begin PBXCopyFilesBuildPhase section */
		F4643D4B2727A33E00BDFBC7 /* Embed Frameworks */ = {
			isa = PBXCopyFilesBuildPhase;
			buildActionMask = 2147483647;
			dstPath = "";
			dstSubfolderSpec = 10;
			files = (
				F4643D422727A33E00BDFBC7 /* Apollo-Dynamic in Embed Frameworks */,
			);
			name = "Embed Frameworks";
			runOnlyForDeploymentPostprocessing = 0;
		};
/* End PBXCopyFilesBuildPhase section */

/* Begin PBXFileReference section */
		F4643D232727A2B600BDFBC7 /* Countries.app */ = {isa = PBXFileReference; explicitFileType = wrapper.application; includeInIndex = 0; path = Countries.app; sourceTree = BUILT_PRODUCTS_DIR; };
		F4643D262727A2B600BDFBC7 /* AppDelegate.swift */ = {isa = PBXFileReference; lastKnownFileType = sourcecode.swift; path = AppDelegate.swift; sourceTree = "<group>"; };
		F4643D282727A2B600BDFBC7 /* SceneDelegate.swift */ = {isa = PBXFileReference; lastKnownFileType = sourcecode.swift; path = SceneDelegate.swift; sourceTree = "<group>"; };
		F4643D2A2727A2B600BDFBC7 /* ViewController.swift */ = {isa = PBXFileReference; lastKnownFileType = sourcecode.swift; path = ViewController.swift; sourceTree = "<group>"; };
		F4643D2D2727A2B600BDFBC7 /* Base */ = {isa = PBXFileReference; lastKnownFileType = file.storyboard; name = Base; path = Base.lproj/Main.storyboard; sourceTree = "<group>"; };
		F4643D2F2727A2D200BDFBC7 /* Assets.xcassets */ = {isa = PBXFileReference; lastKnownFileType = folder.assetcatalog; path = Assets.xcassets; sourceTree = "<group>"; };
		F4643D322727A2D300BDFBC7 /* Base */ = {isa = PBXFileReference; lastKnownFileType = file.storyboard; name = Base; path = Base.lproj/LaunchScreen.storyboard; sourceTree = "<group>"; };
		F4643D342727A2D300BDFBC7 /* Info.plist */ = {isa = PBXFileReference; lastKnownFileType = text.plist.xml; path = Info.plist; sourceTree = "<group>"; };
		F4643D502727A81A00BDFBC7 /* Queries.graphql */ = {isa = PBXFileReference; lastKnownFileType = text; path = Queries.graphql; sourceTree = "<group>"; };
		F4643D572727AD9400BDFBC7 /* schema.json */ = {isa = PBXFileReference; fileEncoding = 4; lastKnownFileType = text.json; name = schema.json; path = Countries/schema.json; sourceTree = SOURCE_ROOT; };
/* End PBXFileReference section */

/* Begin PBXFrameworksBuildPhase section */
		F4643D202727A2B600BDFBC7 /* Frameworks */ = {
			isa = PBXFrameworksBuildPhase;
			buildActionMask = 2147483647;
			files = (
				F4643D482727A33E00BDFBC7 /* ApolloAPI in Frameworks */,
				F4643D3D2727A33E00BDFBC7 /* ApolloSQLite in Frameworks */,
				F4643D3F2727A33E00BDFBC7 /* ApolloUtils in Frameworks */,
				F4643D462727A33E00BDFBC7 /* ApolloWebSocket in Frameworks */,
				F4643D412727A33E00BDFBC7 /* Apollo-Dynamic in Frameworks */,
				F4643D4A2727A33E00BDFBC7 /* Apollo in Frameworks */,
				F4643D442727A33E00BDFBC7 /* ApolloCodegenLib in Frameworks */,
			);
			runOnlyForDeploymentPostprocessing = 0;
		};
/* End PBXFrameworksBuildPhase section */

/* Begin PBXGroup section */
		F4643D1A2727A2B600BDFBC7 = {
			isa = PBXGroup;
			children = (
				F4643D252727A2B600BDFBC7 /* Countries */,
				F4643D242727A2B600BDFBC7 /* Products */,
			);
			sourceTree = "<group>";
		};
		F4643D242727A2B600BDFBC7 /* Products */ = {
			isa = PBXGroup;
			children = (
				F4643D232727A2B600BDFBC7 /* Countries.app */,
			);
			name = Products;
			sourceTree = "<group>";
		};
		F4643D252727A2B600BDFBC7 /* Countries */ = {
			isa = PBXGroup;
			children = (
				F4643D502727A81A00BDFBC7 /* Queries.graphql */,
				F4643D572727AD9400BDFBC7 /* schema.json */,
				F4643D262727A2B600BDFBC7 /* AppDelegate.swift */,
				F4643D282727A2B600BDFBC7 /* SceneDelegate.swift */,
				F4643D2A2727A2B600BDFBC7 /* ViewController.swift */,
				F4643D2C2727A2B600BDFBC7 /* Main.storyboard */,
				F4643D2F2727A2D200BDFBC7 /* Assets.xcassets */,
				F4643D312727A2D300BDFBC7 /* LaunchScreen.storyboard */,
				F4643D342727A2D300BDFBC7 /* Info.plist */,
			);
			path = Countries;
			sourceTree = "<group>";
		};
/* End PBXGroup section */

/* Begin PBXNativeTarget section */
		F4643D222727A2B600BDFBC7 /* Countries */ = {
			isa = PBXNativeTarget;
			buildConfigurationList = F4643D372727A2D300BDFBC7 /* Build configuration list for PBXNativeTarget "Countries" */;
			buildPhases = (
				F4643D4E2727A38200BDFBC7 /* Generate Apollo GraphQL API */,
				F4643D1F2727A2B600BDFBC7 /* Sources */,
				F4643D202727A2B600BDFBC7 /* Frameworks */,
				F4643D212727A2B600BDFBC7 /* Resources */,
				F4643D4B2727A33E00BDFBC7 /* Embed Frameworks */,
			);
			buildRules = (
			);
			dependencies = (
			);
			name = Countries;
			packageProductDependencies = (
				F4643D3C2727A33E00BDFBC7 /* ApolloSQLite */,
				F4643D3E2727A33E00BDFBC7 /* ApolloUtils */,
				F4643D402727A33E00BDFBC7 /* Apollo-Dynamic */,
				F4643D432727A33E00BDFBC7 /* ApolloCodegenLib */,
				F4643D452727A33E00BDFBC7 /* ApolloWebSocket */,
				F4643D472727A33E00BDFBC7 /* ApolloAPI */,
				F4643D492727A33E00BDFBC7 /* Apollo */,
			);
			productName = Countries;
			productReference = F4643D232727A2B600BDFBC7 /* Countries.app */;
			productType = "com.apple.product-type.application";
		};
/* End PBXNativeTarget section */

/* Begin PBXProject section */
		F4643D1B2727A2B600BDFBC7 /* Project object */ = {
			isa = PBXProject;
			attributes = {
				LastSwiftUpdateCheck = 1240;
				LastUpgradeCheck = 1240;
				TargetAttributes = {
					F4643D222727A2B600BDFBC7 = {
						CreatedOnToolsVersion = 12.4;
					};
				};
			};
			buildConfigurationList = F4643D1E2727A2B600BDFBC7 /* Build configuration list for PBXProject "Countries" */;
			compatibilityVersion = "Xcode 9.3";
			developmentRegion = en;
			hasScannedForEncodings = 0;
			knownRegions = (
				en,
				Base,
			);
			mainGroup = F4643D1A2727A2B600BDFBC7;
			packageReferences = (
				F4643D3B2727A33E00BDFBC7 /* XCRemoteSwiftPackageReference "apollo-ios" */,
			);
			productRefGroup = F4643D242727A2B600BDFBC7 /* Products */;
			projectDirPath = "";
			projectRoot = "";
			targets = (
				F4643D222727A2B600BDFBC7 /* Countries */,
			);
		};
/* End PBXProject section */

/* Begin PBXResourcesBuildPhase section */
		F4643D212727A2B600BDFBC7 /* Resources */ = {
			isa = PBXResourcesBuildPhase;
			buildActionMask = 2147483647;
			files = (
				F4643D332727A2D300BDFBC7 /* LaunchScreen.storyboard in Resources */,
				F4643D582727AD9400BDFBC7 /* schema.json in Resources */,
				F4643D512727A81A00BDFBC7 /* Queries.graphql in Resources */,
				F4643D302727A2D200BDFBC7 /* Assets.xcassets in Resources */,
				F4643D2E2727A2B600BDFBC7 /* Main.storyboard in Resources */,
			);
			runOnlyForDeploymentPostprocessing = 0;
		};
/* End PBXResourcesBuildPhase section */

/* Begin PBXShellScriptBuildPhase section */
		F4643D4E2727A38200BDFBC7 /* Generate Apollo GraphQL API */ = {
			isa = PBXShellScriptBuildPhase;
			buildActionMask = 2147483647;
			files = (
			);
			inputFileListPaths = (
			);
			inputPaths = (
			);
			name = "Generate Apollo GraphQL API";
			outputFileListPaths = (
			);
			outputPaths = (
			);
			runOnlyForDeploymentPostprocessing = 0;
			shellPath = /bin/sh;
			shellScript = "# Don't run this during index builds\nif [ $ACTION = \"indexbuild\" ]; then exit 0; fi\n\n# Go to the build root and search up the chain to find the Derived Data Path where the source packages are checked out.\nDERIVED_DATA_CANDIDATE=\"${BUILD_ROOT}\"\n\nwhile ! [ -d \"${DERIVED_DATA_CANDIDATE}/SourcePackages\" ]; do\n  if [ \"${DERIVED_DATA_CANDIDATE}\" = / ]; then\n    echo >&2 \"error: Unable to locate SourcePackages directory from BUILD_ROOT: '${BUILD_ROOT}'\"\n    exit 1\n  fi\n\n  DERIVED_DATA_CANDIDATE=\"$(dirname \"${DERIVED_DATA_CANDIDATE}\")\"\ndone\n\n# Grab a reference to the directory where scripts are checked out\nSCRIPT_PATH=\"${DERIVED_DATA_CANDIDATE}/SourcePackages/checkouts/apollo-ios/scripts\"\n\nif [ -z \"${SCRIPT_PATH}\" ]; then\n    echo >&2 \"error: Couldn't find the CLI script in your checked out SPM packages; make sure to add the framework to your project.\"\n    exit 1\nfi\n\ncd \"${SRCROOT}/${TARGET_NAME}\"\n\"${SCRIPT_PATH}\"/run-bundled-codegen.sh codegen:generate --target=swift --includes=./**/*.graphql --localSchemaFile=\"schema.json\" API.swift\n";
		};
/* End PBXShellScriptBuildPhase section */

/* Begin PBXSourcesBuildPhase section */
		F4643D1F2727A2B600BDFBC7 /* Sources */ = {
			isa = PBXSourcesBuildPhase;
			buildActionMask = 2147483647;
			files = (
				F4643D2B2727A2B600BDFBC7 /* ViewController.swift in Sources */,
				F4643D272727A2B600BDFBC7 /* AppDelegate.swift in Sources */,
				F4643D292727A2B600BDFBC7 /* SceneDelegate.swift in Sources */,
			);
			runOnlyForDeploymentPostprocessing = 0;
		};
/* End PBXSourcesBuildPhase section */

/* Begin PBXVariantGroup section */
		F4643D2C2727A2B600BDFBC7 /* Main.storyboard */ = {
			isa = PBXVariantGroup;
			children = (
				F4643D2D2727A2B600BDFBC7 /* Base */,
			);
			name = Main.storyboard;
			sourceTree = "<group>";
		};
		F4643D312727A2D300BDFBC7 /* LaunchScreen.storyboard */ = {
			isa = PBXVariantGroup;
			children = (
				F4643D322727A2D300BDFBC7 /* Base */,
			);
			name = LaunchScreen.storyboard;
			sourceTree = "<group>";
		};
/* End PBXVariantGroup section */

/* Begin XCBuildConfiguration section */
		F4643D352727A2D300BDFBC7 /* Debug */ = {
			isa = XCBuildConfiguration;
			buildSettings = {
				ALWAYS_SEARCH_USER_PATHS = NO;
				CLANG_ANALYZER_NONNULL = YES;
				CLANG_ANALYZER_NUMBER_OBJECT_CONVERSION = YES_AGGRESSIVE;
				CLANG_CXX_LANGUAGE_STANDARD = "gnu++14";
				CLANG_CXX_LIBRARY = "libc++";
				CLANG_ENABLE_MODULES = YES;
				CLANG_ENABLE_OBJC_ARC = YES;
				CLANG_ENABLE_OBJC_WEAK = YES;
				CLANG_WARN_BLOCK_CAPTURE_AUTORELEASING = YES;
				CLANG_WARN_BOOL_CONVERSION = YES;
				CLANG_WARN_COMMA = YES;
				CLANG_WARN_CONSTANT_CONVERSION = YES;
				CLANG_WARN_DEPRECATED_OBJC_IMPLEMENTATIONS = YES;
				CLANG_WARN_DIRECT_OBJC_ISA_USAGE = YES_ERROR;
				CLANG_WARN_DOCUMENTATION_COMMENTS = YES;
				CLANG_WARN_EMPTY_BODY = YES;
				CLANG_WARN_ENUM_CONVERSION = YES;
				CLANG_WARN_INFINITE_RECURSION = YES;
				CLANG_WARN_INT_CONVERSION = YES;
				CLANG_WARN_NON_LITERAL_NULL_CONVERSION = YES;
				CLANG_WARN_OBJC_IMPLICIT_RETAIN_SELF = YES;
				CLANG_WARN_OBJC_LITERAL_CONVERSION = YES;
				CLANG_WARN_OBJC_ROOT_CLASS = YES_ERROR;
				CLANG_WARN_QUOTED_INCLUDE_IN_FRAMEWORK_HEADER = YES;
				CLANG_WARN_RANGE_LOOP_ANALYSIS = YES;
				CLANG_WARN_STRICT_PROTOTYPES = YES;
				CLANG_WARN_SUSPICIOUS_MOVE = YES;
				CLANG_WARN_UNGUARDED_AVAILABILITY = YES_AGGRESSIVE;
				CLANG_WARN_UNREACHABLE_CODE = YES;
				CLANG_WARN__DUPLICATE_METHOD_MATCH = YES;
				COPY_PHASE_STRIP = NO;
				DEBUG_INFORMATION_FORMAT = dwarf;
				ENABLE_STRICT_OBJC_MSGSEND = YES;
				ENABLE_TESTABILITY = YES;
				GCC_C_LANGUAGE_STANDARD = gnu11;
				GCC_DYNAMIC_NO_PIC = NO;
				GCC_NO_COMMON_BLOCKS = YES;
				GCC_OPTIMIZATION_LEVEL = 0;
				GCC_PREPROCESSOR_DEFINITIONS = (
					"DEBUG=1",
					"$(inherited)",
				);
				GCC_WARN_64_TO_32_BIT_CONVERSION = YES;
				GCC_WARN_ABOUT_RETURN_TYPE = YES_ERROR;
				GCC_WARN_UNDECLARED_SELECTOR = YES;
				GCC_WARN_UNINITIALIZED_AUTOS = YES_AGGRESSIVE;
				GCC_WARN_UNUSED_FUNCTION = YES;
				GCC_WARN_UNUSED_VARIABLE = YES;
				IPHONEOS_DEPLOYMENT_TARGET = 14.4;
				MTL_ENABLE_DEBUG_INFO = INCLUDE_SOURCE;
				MTL_FAST_MATH = YES;
				ONLY_ACTIVE_ARCH = YES;
				SDKROOT = iphoneos;
				SWIFT_ACTIVE_COMPILATION_CONDITIONS = DEBUG;
				SWIFT_OPTIMIZATION_LEVEL = "-Onone";
			};
			name = Debug;
		};
		F4643D362727A2D300BDFBC7 /* Release */ = {
			isa = XCBuildConfiguration;
			buildSettings = {
				ALWAYS_SEARCH_USER_PATHS = NO;
				CLANG_ANALYZER_NONNULL = YES;
				CLANG_ANALYZER_NUMBER_OBJECT_CONVERSION = YES_AGGRESSIVE;
				CLANG_CXX_LANGUAGE_STANDARD = "gnu++14";
				CLANG_CXX_LIBRARY = "libc++";
				CLANG_ENABLE_MODULES = YES;
				CLANG_ENABLE_OBJC_ARC = YES;
				CLANG_ENABLE_OBJC_WEAK = YES;
				CLANG_WARN_BLOCK_CAPTURE_AUTORELEASING = YES;
				CLANG_WARN_BOOL_CONVERSION = YES;
				CLANG_WARN_COMMA = YES;
				CLANG_WARN_CONSTANT_CONVERSION = YES;
				CLANG_WARN_DEPRECATED_OBJC_IMPLEMENTATIONS = YES;
				CLANG_WARN_DIRECT_OBJC_ISA_USAGE = YES_ERROR;
				CLANG_WARN_DOCUMENTATION_COMMENTS = YES;
				CLANG_WARN_EMPTY_BODY = YES;
				CLANG_WARN_ENUM_CONVERSION = YES;
				CLANG_WARN_INFINITE_RECURSION = YES;
				CLANG_WARN_INT_CONVERSION = YES;
				CLANG_WARN_NON_LITERAL_NULL_CONVERSION = YES;
				CLANG_WARN_OBJC_IMPLICIT_RETAIN_SELF = YES;
				CLANG_WARN_OBJC_LITERAL_CONVERSION = YES;
				CLANG_WARN_OBJC_ROOT_CLASS = YES_ERROR;
				CLANG_WARN_QUOTED_INCLUDE_IN_FRAMEWORK_HEADER = YES;
				CLANG_WARN_RANGE_LOOP_ANALYSIS = YES;
				CLANG_WARN_STRICT_PROTOTYPES = YES;
				CLANG_WARN_SUSPICIOUS_MOVE = YES;
				CLANG_WARN_UNGUARDED_AVAILABILITY = YES_AGGRESSIVE;
				CLANG_WARN_UNREACHABLE_CODE = YES;
				CLANG_WARN__DUPLICATE_METHOD_MATCH = YES;
				COPY_PHASE_STRIP = NO;
				DEBUG_INFORMATION_FORMAT = "dwarf-with-dsym";
				ENABLE_NS_ASSERTIONS = NO;
				ENABLE_STRICT_OBJC_MSGSEND = YES;
				GCC_C_LANGUAGE_STANDARD = gnu11;
				GCC_NO_COMMON_BLOCKS = YES;
				GCC_WARN_64_TO_32_BIT_CONVERSION = YES;
				GCC_WARN_ABOUT_RETURN_TYPE = YES_ERROR;
				GCC_WARN_UNDECLARED_SELECTOR = YES;
				GCC_WARN_UNINITIALIZED_AUTOS = YES_AGGRESSIVE;
				GCC_WARN_UNUSED_FUNCTION = YES;
				GCC_WARN_UNUSED_VARIABLE = YES;
				IPHONEOS_DEPLOYMENT_TARGET = 14.4;
				MTL_ENABLE_DEBUG_INFO = NO;
				MTL_FAST_MATH = YES;
				SDKROOT = iphoneos;
				SWIFT_COMPILATION_MODE = wholemodule;
				SWIFT_OPTIMIZATION_LEVEL = "-O";
				VALIDATE_PRODUCT = YES;
			};
			name = Release;
		};
		F4643D382727A2D300BDFBC7 /* Debug */ = {
			isa = XCBuildConfiguration;
			buildSettings = {
				ASSETCATALOG_COMPILER_APPICON_NAME = AppIcon;
				ASSETCATALOG_COMPILER_GLOBAL_ACCENT_COLOR_NAME = AccentColor;
				CODE_SIGN_STYLE = Automatic;
				DISABLE_DIAMOND_PROBLEM_DIAGNOSTIC = 1;
				INFOPLIST_FILE = Countries/Info.plist;
				LD_RUNPATH_SEARCH_PATHS = (
					"$(inherited)",
					"@executable_path/Frameworks",
				);
				PRODUCT_BUNDLE_IDENTIFIER = KH.Countries;
				PRODUCT_NAME = "$(TARGET_NAME)";
				SWIFT_VERSION = 5.0;
				TARGETED_DEVICE_FAMILY = "1,2";
			};
			name = Debug;
		};
		F4643D392727A2D300BDFBC7 /* Release */ = {
			isa = XCBuildConfiguration;
			buildSettings = {
				ASSETCATALOG_COMPILER_APPICON_NAME = AppIcon;
				ASSETCATALOG_COMPILER_GLOBAL_ACCENT_COLOR_NAME = AccentColor;
				CODE_SIGN_STYLE = Automatic;
				DISABLE_DIAMOND_PROBLEM_DIAGNOSTIC = 1;
				INFOPLIST_FILE = Countries/Info.plist;
				LD_RUNPATH_SEARCH_PATHS = (
					"$(inherited)",
					"@executable_path/Frameworks",
				);
				PRODUCT_BUNDLE_IDENTIFIER = KH.Countries;
				PRODUCT_NAME = "$(TARGET_NAME)";
				SWIFT_VERSION = 5.0;
				TARGETED_DEVICE_FAMILY = "1,2";
			};
			name = Release;
		};
/* End XCBuildConfiguration section */

/* Begin XCConfigurationList section */
		F4643D1E2727A2B600BDFBC7 /* Build configuration list for PBXProject "Countries" */ = {
			isa = XCConfigurationList;
			buildConfigurations = (
				F4643D352727A2D300BDFBC7 /* Debug */,
				F4643D362727A2D300BDFBC7 /* Release */,
			);
			defaultConfigurationIsVisible = 0;
			defaultConfigurationName = Release;
		};
		F4643D372727A2D300BDFBC7 /* Build configuration list for PBXNativeTarget "Countries" */ = {
			isa = XCConfigurationList;
			buildConfigurations = (
				F4643D382727A2D300BDFBC7 /* Debug */,
				F4643D392727A2D300BDFBC7 /* Release */,
			);
			defaultConfigurationIsVisible = 0;
			defaultConfigurationName = Release;
		};
/* End XCConfigurationList section */

/* Begin XCRemoteSwiftPackageReference section */
		F4643D3B2727A33E00BDFBC7 /* XCRemoteSwiftPackageReference "apollo-ios" */ = {
			isa = XCRemoteSwiftPackageReference;
			repositoryURL = "https://github.com/apollographql/apollo-ios.git";
			requirement = {
				kind = upToNextMajorVersion;
				minimumVersion = 0.49.1;
			};
		};
/* End XCRemoteSwiftPackageReference section */

/* Begin XCSwiftPackageProductDependency section */
		F4643D3C2727A33E00BDFBC7 /* ApolloSQLite */ = {
			isa = XCSwiftPackageProductDependency;
			package = F4643D3B2727A33E00BDFBC7 /* XCRemoteSwiftPackageReference "apollo-ios" */;
			productName = ApolloSQLite;
		};
		F4643D3E2727A33E00BDFBC7 /* ApolloUtils */ = {
			isa = XCSwiftPackageProductDependency;
			package = F4643D3B2727A33E00BDFBC7 /* XCRemoteSwiftPackageReference "apollo-ios" */;
			productName = ApolloUtils;
		};
		F4643D402727A33E00BDFBC7 /* Apollo-Dynamic */ = {
			isa = XCSwiftPackageProductDependency;
			package = F4643D3B2727A33E00BDFBC7 /* XCRemoteSwiftPackageReference "apollo-ios" */;
			productName = "Apollo-Dynamic";
		};
		F4643D432727A33E00BDFBC7 /* ApolloCodegenLib */ = {
			isa = XCSwiftPackageProductDependency;
			package = F4643D3B2727A33E00BDFBC7 /* XCRemoteSwiftPackageReference "apollo-ios" */;
			productName = ApolloCodegenLib;
		};
		F4643D452727A33E00BDFBC7 /* ApolloWebSocket */ = {
			isa = XCSwiftPackageProductDependency;
			package = F4643D3B2727A33E00BDFBC7 /* XCRemoteSwiftPackageReference "apollo-ios" */;
			productName = ApolloWebSocket;
		};
		F4643D472727A33E00BDFBC7 /* ApolloAPI */ = {
			isa = XCSwiftPackageProductDependency;
			package = F4643D3B2727A33E00BDFBC7 /* XCRemoteSwiftPackageReference "apollo-ios" */;
			productName = ApolloAPI;
		};
		F4643D492727A33E00BDFBC7 /* Apollo */ = {
			isa = XCSwiftPackageProductDependency;
			package = F4643D3B2727A33E00BDFBC7 /* XCRemoteSwiftPackageReference "apollo-ios" */;
			productName = Apollo;
		};
/* End XCSwiftPackageProductDependency section */
	};
	rootObject = F4643D1B2727A2B600BDFBC7 /* Project object */;
}
